// !$*UTF8*$!
{
	archiveVersion = 1;
	classes = {
	};
	objectVersion = 48;
	objects = {

/* Begin PBXBuildFile section */
		2AE6084EDC24DE284B593629 /* Pods_test.framework in Frameworks */ = {isa = PBXBuildFile; fileRef = EC60D48A83D09A445DEAB136 /* Pods_test.framework */; };
		4E250774206C6EF8005D67CF /* AppDelegate.swift in Sources */ = {isa = PBXBuildFile; fileRef = 4E250773206C6EF8005D67CF /* AppDelegate.swift */; };
		4E250776206C6EF8005D67CF /* FirstViewController.swift in Sources */ = {isa = PBXBuildFile; fileRef = 4E250775206C6EF8005D67CF /* FirstViewController.swift */; };
		4E250778206C6EF8005D67CF /* SecondViewController.swift in Sources */ = {isa = PBXBuildFile; fileRef = 4E250777206C6EF8005D67CF /* SecondViewController.swift */; };
		4E25077B206C6EF8005D67CF /* Main.storyboard in Resources */ = {isa = PBXBuildFile; fileRef = 4E250779206C6EF8005D67CF /* Main.storyboard */; };
		4E25077D206C6EF8005D67CF /* Assets.xcassets in Resources */ = {isa = PBXBuildFile; fileRef = 4E25077C206C6EF8005D67CF /* Assets.xcassets */; };
		4E250780206C6EF8005D67CF /* LaunchScreen.storyboard in Resources */ = {isa = PBXBuildFile; fileRef = 4E25077E206C6EF8005D67CF /* LaunchScreen.storyboard */; };
		4E250789206C70CE005D67CF /* Money.swift in Sources */ = {isa = PBXBuildFile; fileRef = 4E250788206C70CE005D67CF /* Money.swift */; };
		4E25078B206C7155005D67CF /* RealmClient.swift in Sources */ = {isa = PBXBuildFile; fileRef = 4E25078A206C7155005D67CF /* RealmClient.swift */; };
/* End PBXBuildFile section */

/* Begin PBXFileReference section */
		4E250770206C6EF7005D67CF /* test.app */ = {isa = PBXFileReference; explicitFileType = wrapper.application; includeInIndex = 0; path = test.app; sourceTree = BUILT_PRODUCTS_DIR; };
		4E250773206C6EF8005D67CF /* AppDelegate.swift */ = {isa = PBXFileReference; lastKnownFileType = sourcecode.swift; path = AppDelegate.swift; sourceTree = "<group>"; };
		4E250775206C6EF8005D67CF /* FirstViewController.swift */ = {isa = PBXFileReference; lastKnownFileType = sourcecode.swift; path = FirstViewController.swift; sourceTree = "<group>"; };
		4E250777206C6EF8005D67CF /* SecondViewController.swift */ = {isa = PBXFileReference; lastKnownFileType = sourcecode.swift; path = SecondViewController.swift; sourceTree = "<group>"; };
		4E25077A206C6EF8005D67CF /* Base */ = {isa = PBXFileReference; lastKnownFileType = file.storyboard; name = Base; path = Base.lproj/Main.storyboard; sourceTree = "<group>"; };
		4E25077C206C6EF8005D67CF /* Assets.xcassets */ = {isa = PBXFileReference; lastKnownFileType = folder.assetcatalog; path = Assets.xcassets; sourceTree = "<group>"; };
		4E25077F206C6EF8005D67CF /* Base */ = {isa = PBXFileReference; lastKnownFileType = file.storyboard; name = Base; path = Base.lproj/LaunchScreen.storyboard; sourceTree = "<group>"; };
		4E250781206C6EF8005D67CF /* Info.plist */ = {isa = PBXFileReference; lastKnownFileType = text.plist.xml; path = Info.plist; sourceTree = "<group>"; };
		4E250788206C70CE005D67CF /* Money.swift */ = {isa = PBXFileReference; lastKnownFileType = sourcecode.swift; path = Money.swift; sourceTree = "<group>"; };
		4E25078A206C7155005D67CF /* RealmClient.swift */ = {isa = PBXFileReference; lastKnownFileType = sourcecode.swift; path = RealmClient.swift; sourceTree = "<group>"; };
		855F0457D50FFB303BB7CBA2 /* Pods-test.release.xcconfig */ = {isa = PBXFileReference; includeInIndex = 1; lastKnownFileType = text.xcconfig; name = "Pods-test.release.xcconfig"; path = "Pods/Target Support Files/Pods-test/Pods-test.release.xcconfig"; sourceTree = "<group>"; };
		BA94027C3FF77A52FF7CD9A0 /* Pods-test.debug.xcconfig */ = {isa = PBXFileReference; includeInIndex = 1; lastKnownFileType = text.xcconfig; name = "Pods-test.debug.xcconfig"; path = "Pods/Target Support Files/Pods-test/Pods-test.debug.xcconfig"; sourceTree = "<group>"; };
		EC60D48A83D09A445DEAB136 /* Pods_test.framework */ = {isa = PBXFileReference; explicitFileType = wrapper.framework; includeInIndex = 0; path = Pods_test.framework; sourceTree = BUILT_PRODUCTS_DIR; };
/* End PBXFileReference section */

/* Begin PBXFrameworksBuildPhase section */
		4E25076D206C6EF7005D67CF /* Frameworks */ = {
			isa = PBXFrameworksBuildPhase;
			buildActionMask = 2147483647;
			files = (
				2AE6084EDC24DE284B593629 /* Pods_test.framework in Frameworks */,
			);
			runOnlyForDeploymentPostprocessing = 0;
		};
/* End PBXFrameworksBuildPhase section */

/* Begin PBXGroup section */
		22C03A0D5AF94BCFFFA69A90 /* Frameworks */ = {
			isa = PBXGroup;
			children = (
				EC60D48A83D09A445DEAB136 /* Pods_test.framework */,
			);
			name = Frameworks;
			sourceTree = "<group>";
		};
		4E250767206C6EF7005D67CF = {
			isa = PBXGroup;
			children = (
				4E250772206C6EF7005D67CF /* test */,
				4E250771206C6EF7005D67CF /* Products */,
				946458F4699CE12A080D46E0 /* Pods */,
				22C03A0D5AF94BCFFFA69A90 /* Frameworks */,
			);
			sourceTree = "<group>";
		};
		4E250771206C6EF7005D67CF /* Products */ = {
			isa = PBXGroup;
			children = (
				4E250770206C6EF7005D67CF /* test.app */,
			);
			name = Products;
			sourceTree = "<group>";
		};
		4E250772206C6EF7005D67CF /* test */ = {
			isa = PBXGroup;
			children = (
				4E25078A206C7155005D67CF /* RealmClient.swift */,
				4E250787206C70C1005D67CF /* model */,
				4E250773206C6EF8005D67CF /* AppDelegate.swift */,
				4E250775206C6EF8005D67CF /* FirstViewController.swift */,
				4E250777206C6EF8005D67CF /* SecondViewController.swift */,
				4E250779206C6EF8005D67CF /* Main.storyboard */,
				4E25077C206C6EF8005D67CF /* Assets.xcassets */,
				4E25077E206C6EF8005D67CF /* LaunchScreen.storyboard */,
				4E250781206C6EF8005D67CF /* Info.plist */,
			);
			path = test;
			sourceTree = "<group>";
		};
		4E250787206C70C1005D67CF /* model */ = {
			isa = PBXGroup;
			children = (
				4E250788206C70CE005D67CF /* Money.swift */,
			);
			path = model;
			sourceTree = "<group>";
		};
		946458F4699CE12A080D46E0 /* Pods */ = {
			isa = PBXGroup;
			children = (
				BA94027C3FF77A52FF7CD9A0 /* Pods-test.debug.xcconfig */,
				855F0457D50FFB303BB7CBA2 /* Pods-test.release.xcconfig */,
			);
			name = Pods;
			sourceTree = "<group>";
		};
/* End PBXGroup section */

/* Begin PBXNativeTarget section */
		4E25076F206C6EF7005D67CF /* test */ = {
			isa = PBXNativeTarget;
			buildConfigurationList = 4E250784206C6EF8005D67CF /* Build configuration list for PBXNativeTarget "test" */;
			buildPhases = (
				3205D44623DAEE03239726C6 /* [CP] Check Pods Manifest.lock */,
				4E25076C206C6EF7005D67CF /* Sources */,
				4E25076D206C6EF7005D67CF /* Frameworks */,
				4E25076E206C6EF7005D67CF /* Resources */,
				6B0E98D17813950315DA5556 /* [CP] Embed Pods Frameworks */,
				1748BD435695642A1E80B3B8 /* [CP] Copy Pods Resources */,
			);
			buildRules = (
			);
			dependencies = (
			);
			name = test;
			productName = test;
			productReference = 4E250770206C6EF7005D67CF /* test.app */;
			productType = "com.apple.product-type.application";
		};
/* End PBXNativeTarget section */

/* Begin PBXProject section */
		4E250768206C6EF7005D67CF /* Project object */ = {
			isa = PBXProject;
			attributes = {
				LastSwiftUpdateCheck = 0920;
				LastUpgradeCheck = 0920;
				ORGANIZATIONNAME = storyhe;
				TargetAttributes = {
					4E25076F206C6EF7005D67CF = {
						CreatedOnToolsVersion = 9.2;
						ProvisioningStyle = Automatic;
					};
				};
			};
			buildConfigurationList = 4E25076B206C6EF7005D67CF /* Build configuration list for PBXProject "test" */;
			compatibilityVersion = "Xcode 8.0";
			developmentRegion = en;
			hasScannedForEncodings = 0;
			knownRegions = (
				en,
				Base,
			);
			mainGroup = 4E250767206C6EF7005D67CF;
			productRefGroup = 4E250771206C6EF7005D67CF /* Products */;
			projectDirPath = "";
			projectRoot = "";
			targets = (
				4E25076F206C6EF7005D67CF /* test */,
			);
		};
/* End PBXProject section */

/* Begin PBXResourcesBuildPhase section */
		4E25076E206C6EF7005D67CF /* Resources */ = {
			isa = PBXResourcesBuildPhase;
			buildActionMask = 2147483647;
			files = (
				4E250780206C6EF8005D67CF /* LaunchScreen.storyboard in Resources */,
				4E25077D206C6EF8005D67CF /* Assets.xcassets in Resources */,
				4E25077B206C6EF8005D67CF /* Main.storyboard in Resources */,
			);
			runOnlyForDeploymentPostprocessing = 0;
		};
/* End PBXResourcesBuildPhase section */

/* Begin PBXShellScriptBuildPhase section */
		1748BD435695642A1E80B3B8 /* [CP] Copy Pods Resources */ = {
			isa = PBXShellScriptBuildPhase;
			buildActionMask = 2147483647;
			files = (
			);
			inputPaths = (
			);
			name = "[CP] Copy Pods Resources";
			outputPaths = (
			);
			runOnlyForDeploymentPostprocessing = 0;
			shellPath = /bin/sh;
			shellScript = "\"${SRCROOT}/Pods/Target Support Files/Pods-test/Pods-test-resources.sh\"\n";
			showEnvVarsInLog = 0;
		};
		3205D44623DAEE03239726C6 /* [CP] Check Pods Manifest.lock */ = {
			isa = PBXShellScriptBuildPhase;
			buildActionMask = 2147483647;
			files = (
			);
			inputPaths = (
				"${PODS_PODFILE_DIR_PATH}/Podfile.lock",
				"${PODS_ROOT}/Manifest.lock",
			);
			name = "[CP] Check Pods Manifest.lock";
			outputPaths = (
				"$(DERIVED_FILE_DIR)/Pods-test-checkManifestLockResult.txt",
			);
			runOnlyForDeploymentPostprocessing = 0;
			shellPath = /bin/sh;
			shellScript = "diff \"${PODS_PODFILE_DIR_PATH}/Podfile.lock\" \"${PODS_ROOT}/Manifest.lock\" > /dev/null\nif [ $? != 0 ] ; then\n    # print error to STDERR\n    echo \"error: The sandbox is not in sync with the Podfile.lock. Run 'pod install' or update your CocoaPods installation.\" >&2\n    exit 1\nfi\n# This output is used by Xcode 'outputs' to avoid re-running this script phase.\necho \"SUCCESS\" > \"${SCRIPT_OUTPUT_FILE_0}\"\n";
			showEnvVarsInLog = 0;
		};
		6B0E98D17813950315DA5556 /* [CP] Embed Pods Frameworks */ = {
			isa = PBXShellScriptBuildPhase;
			buildActionMask = 2147483647;
			files = (
			);
			inputPaths = (
				"${SRCROOT}/Pods/Target Support Files/Pods-test/Pods-test-frameworks.sh",
				"${BUILT_PRODUCTS_DIR}/Realm/Realm.framework",
				"${BUILT_PRODUCTS_DIR}/RealmSwift/RealmSwift.framework",
			);
			name = "[CP] Embed Pods Frameworks";
			outputPaths = (
				"${TARGET_BUILD_DIR}/${FRAMEWORKS_FOLDER_PATH}/Realm.framework",
				"${TARGET_BUILD_DIR}/${FRAMEWORKS_FOLDER_PATH}/RealmSwift.framework",
			);
			runOnlyForDeploymentPostprocessing = 0;
			shellPath = /bin/sh;
			shellScript = "\"${SRCROOT}/Pods/Target Support Files/Pods-test/Pods-test-frameworks.sh\"\n";
			showEnvVarsInLog = 0;
		};
/* End PBXShellScriptBuildPhase section */

/* Begin PBXSourcesBuildPhase section */
		4E25076C206C6EF7005D67CF /* Sources */ = {
			isa = PBXSourcesBuildPhase;
			buildActionMask = 2147483647;
			files = (
				4E250778206C6EF8005D67CF /* SecondViewController.swift in Sources */,
				4E250774206C6EF8005D67CF /* AppDelegate.swift in Sources */,
				4E250789206C70CE005D67CF /* Money.swift in Sources */,
				4E25078B206C7155005D67CF /* RealmClient.swift in Sources */,
				4E250776206C6EF8005D67CF /* FirstViewController.swift in Sources */,
			);
			runOnlyForDeploymentPostprocessing = 0;
		};
/* End PBXSourcesBuildPhase section */

/* Begin PBXVariantGroup section */
		4E250779206C6EF8005D67CF /* Main.storyboard */ = {
			isa = PBXVariantGroup;
			children = (
				4E25077A206C6EF8005D67CF /* Base */,
			);
			name = Main.storyboard;
			sourceTree = "<group>";
		};
		4E25077E206C6EF8005D67CF /* LaunchScreen.storyboard */ = {
			isa = PBXVariantGroup;
			children = (
				4E25077F206C6EF8005D67CF /* Base */,
			);
			name = LaunchScreen.storyboard;
			sourceTree = "<group>";
		};
/* End PBXVariantGroup section */

/* Begin XCBuildConfiguration section */
		4E250782206C6EF8005D67CF /* Debug */ = {
			isa = XCBuildConfiguration;
			buildSettings = {
				ALWAYS_SEARCH_USER_PATHS = NO;
				CLANG_ANALYZER_NONNULL = YES;
				CLANG_ANALYZER_NUMBER_OBJECT_CONVERSION = YES_AGGRESSIVE;
				CLANG_CXX_LANGUAGE_STANDARD = "gnu++14";
				CLANG_CXX_LIBRARY = "libc++";
				CLANG_ENABLE_MODULES = YES;
				CLANG_ENABLE_OBJC_ARC = YES;
				CLANG_WARN_BLOCK_CAPTURE_AUTORELEASING = YES;
				CLANG_WARN_BOOL_CONVERSION = YES;
				CLANG_WARN_COMMA = YES;
				CLANG_WARN_CONSTANT_CONVERSION = YES;
				CLANG_WARN_DIRECT_OBJC_ISA_USAGE = YES_ERROR;
				CLANG_WARN_DOCUMENTATION_COMMENTS = YES;
				CLANG_WARN_EMPTY_BODY = YES;
				CLANG_WARN_ENUM_CONVERSION = YES;
				CLANG_WARN_INFINITE_RECURSION = YES;
				CLANG_WARN_INT_CONVERSION = YES;
				CLANG_WARN_NON_LITERAL_NULL_CONVERSION = YES;
				CLANG_WARN_OBJC_LITERAL_CONVERSION = YES;
				CLANG_WARN_OBJC_ROOT_CLASS = YES_ERROR;
				CLANG_WARN_RANGE_LOOP_ANALYSIS = YES;
				CLANG_WARN_STRICT_PROTOTYPES = YES;
				CLANG_WARN_SUSPICIOUS_MOVE = YES;
				CLANG_WARN_UNGUARDED_AVAILABILITY = YES_AGGRESSIVE;
				CLANG_WARN_UNREACHABLE_CODE = YES;
				CLANG_WARN__DUPLICATE_METHOD_MATCH = YES;
				CODE_SIGN_IDENTITY = "iPhone Developer";
				COPY_PHASE_STRIP = NO;
				DEBUG_INFORMATION_FORMAT = dwarf;
				ENABLE_STRICT_OBJC_MSGSEND = YES;
				ENABLE_TESTABILITY = YES;
				GCC_C_LANGUAGE_STANDARD = gnu11;
				GCC_DYNAMIC_NO_PIC = NO;
				GCC_NO_COMMON_BLOCKS = YES;
				GCC_OPTIMIZATION_LEVEL = 0;
				GCC_PREPROCESSOR_DEFINITIONS = (
					"DEBUG=1",
					"$(inherited)",
				);
				GCC_WARN_64_TO_32_BIT_CONVERSION = YES;
				GCC_WARN_ABOUT_RETURN_TYPE = YES_ERROR;
				GCC_WARN_UNDECLARED_SELECTOR = YES;
				GCC_WARN_UNINITIALIZED_AUTOS = YES_AGGRESSIVE;
				GCC_WARN_UNUSED_FUNCTION = YES;
				GCC_WARN_UNUSED_VARIABLE = YES;
				IPHONEOS_DEPLOYMENT_TARGET = 11.2;
				MTL_ENABLE_DEBUG_INFO = YES;
				ONLY_ACTIVE_ARCH = YES;
				SDKROOT = iphoneos;
				SWIFT_ACTIVE_COMPILATION_CONDITIONS = DEBUG;
				SWIFT_OPTIMIZATION_LEVEL = "-Onone";
			};
			name = Debug;
		};
		4E250783206C6EF8005D67CF /* Release */ = {
			isa = XCBuildConfiguration;
			buildSettings = {
				ALWAYS_SEARCH_USER_PATHS = NO;
				CLANG_ANALYZER_NONNULL = YES;
				CLANG_ANALYZER_NUMBER_OBJECT_CONVERSION = YES_AGGRESSIVE;
				CLANG_CXX_LANGUAGE_STANDARD = "gnu++14";
				CLANG_CXX_LIBRARY = "libc++";
				CLANG_ENABLE_MODULES = YES;
				CLANG_ENABLE_OBJC_ARC = YES;
				CLANG_WARN_BLOCK_CAPTURE_AUTORELEASING = YES;
				CLANG_WARN_BOOL_CONVERSION = YES;
				CLANG_WARN_COMMA = YES;
				CLANG_WARN_CONSTANT_CONVERSION = YES;
				CLANG_WARN_DIRECT_OBJC_ISA_USAGE = YES_ERROR;
				CLANG_WARN_DOCUMENTATION_COMMENTS = YES;
				CLANG_WARN_EMPTY_BODY = YES;
				CLANG_WARN_ENUM_CONVERSION = YES;
				CLANG_WARN_INFINITE_RECURSION = YES;
				CLANG_WARN_INT_CONVERSION = YES;
				CLANG_WARN_NON_LITERAL_NULL_CONVERSION = YES;
				CLANG_WARN_OBJC_LITERAL_CONVERSION = YES;
				CLANG_WARN_OBJC_ROOT_CLASS = YES_ERROR;
				CLANG_WARN_RANGE_LOOP_ANALYSIS = YES;
				CLANG_WARN_STRICT_PROTOTYPES = YES;
				CLANG_WARN_SUSPICIOUS_MOVE = YES;
				CLANG_WARN_UNGUARDED_AVAILABILITY = YES_AGGRESSIVE;
				CLANG_WARN_UNREACHABLE_CODE = YES;
				CLANG_WARN__DUPLICATE_METHOD_MATCH = YES;
				CODE_SIGN_IDENTITY = "iPhone Developer";
				COPY_PHASE_STRIP = NO;
				DEBUG_INFORMATION_FORMAT = "dwarf-with-dsym";
				ENABLE_NS_ASSERTIONS = NO;
				ENABLE_STRICT_OBJC_MSGSEND = YES;
				GCC_C_LANGUAGE_STANDARD = gnu11;
				GCC_NO_COMMON_BLOCKS = YES;
				GCC_WARN_64_TO_32_BIT_CONVERSION = YES;
				GCC_WARN_ABOUT_RETURN_TYPE = YES_ERROR;
				GCC_WARN_UNDECLARED_SELECTOR = YES;
				GCC_WARN_UNINITIALIZED_AUTOS = YES_AGGRESSIVE;
				GCC_WARN_UNUSED_FUNCTION = YES;
				GCC_WARN_UNUSED_VARIABLE = YES;
				IPHONEOS_DEPLOYMENT_TARGET = 11.2;
				MTL_ENABLE_DEBUG_INFO = NO;
				SDKROOT = iphoneos;
				SWIFT_OPTIMIZATION_LEVEL = "-Owholemodule";
				VALIDATE_PRODUCT = YES;
			};
			name = Release;
		};
		4E250785206C6EF8005D67CF /* Debug */ = {
			isa = XCBuildConfiguration;
			baseConfigurationReference = BA94027C3FF77A52FF7CD9A0 /* Pods-test.debug.xcconfig */;
			buildSettings = {
				ASSETCATALOG_COMPILER_APPICON_NAME = AppIcon;
				CODE_SIGN_STYLE = Automatic;
				DEVELOPMENT_TEAM = 4H3NSYH96J;
				INFOPLIST_FILE = test/Info.plist;
				LD_RUNPATH_SEARCH_PATHS = "$(inherited) @executable_path/Frameworks";
				PRODUCT_BUNDLE_IDENTIFIER = net.muzc.test;
				PRODUCT_NAME = "$(TARGET_NAME)";
				SWIFT_VERSION = 4.0;
				TARGETED_DEVICE_FAMILY = "1,2";
			};
			name = Debug;
		};
		4E250786206C6EF8005D67CF /* Release */ = {
			isa = XCBuildConfiguration;
			baseConfigurationReference = 855F0457D50FFB303BB7CBA2 /* Pods-test.release.xcconfig */;
			buildSettings = {
				ASSETCATALOG_COMPILER_APPICON_NAME = AppIcon;
				CODE_SIGN_STYLE = Automatic;
				DEVELOPMENT_TEAM = 4H3NSYH96J;
				INFOPLIST_FILE = test/Info.plist;
				LD_RUNPATH_SEARCH_PATHS = "$(inherited) @executable_path/Frameworks";
				PRODUCT_BUNDLE_IDENTIFIER = net.muzc.test;
				PRODUCT_NAME = "$(TARGET_NAME)";
				SWIFT_VERSION = 4.0;
				TARGETED_DEVICE_FAMILY = "1,2";
			};
			name = Release;
		};
/* End XCBuildConfiguration section */

/* Begin XCConfigurationList section */
		4E25076B206C6EF7005D67CF /* Build configuration list for PBXProject "test" */ = {
			isa = XCConfigurationList;
			buildConfigurations = (
				4E250782206C6EF8005D67CF /* Debug */,
				4E250783206C6EF8005D67CF /* Release */,
			);
			defaultConfigurationIsVisible = 0;
			defaultConfigurationName = Release;
		};
		4E250784206C6EF8005D67CF /* Build configuration list for PBXNativeTarget "test" */ = {
			isa = XCConfigurationList;
			buildConfigurations = (
				4E250785206C6EF8005D67CF /* Debug */,
				4E250786206C6EF8005D67CF /* Release */,
			);
			defaultConfigurationIsVisible = 0;
			defaultConfigurationName = Release;
		};
/* End XCConfigurationList section */
	};
	rootObject = 4E250768206C6EF7005D67CF /* Project object */;
}
